
Microsoft Visual Studio Solution File, Format Version 12.00
# Visual Studio Version 16
VisualStudioVersion = 16.0.29418.71
MinimumVisualStudioVersion = 10.0.40219.1
Project("{FAE04EC0-301F-11D3-BF4B-00C04F79EFBC}") = "WebApiBoilerPlate", "WebApiBoilerPlate.csproj", "{8581625A-CF4C-4626-AE9E-017D44D9B5C5}"
EndProject
Global
	GlobalSection(SolutionConfigurationPlatforms) = preSolution
		Debug|Any CPU = Debug|Any CPU
		Release|Any CPU = Release|Any CPU
	EndGlobalSection
	GlobalSection(ProjectConfigurationPlatforms) = postSolution
		{8581625A-CF4C-4626-AE9E-017D44D9B5C5}.Debug|Any CPU.ActiveCfg = Debug|Any CPU
		{8581625A-CF4C-4626-AE9E-017D44D9B5C5}.Debug|Any CPU.Build.0 = Debug|Any CPU
		{8581625A-CF4C-4626-AE9E-017D44D9B5C5}.Release|Any CPU.ActiveCfg = Release|Any CPU
		{8581625A-CF4C-4626-AE9E-017D44D9B5C5}.Release|Any CPU.Build.0 = Release|Any CPU
	EndGlobalSection
	GlobalSection(SolutionProperties) = preSolution
		HideSolutionNode = FALSE
	EndGlobalSection
	GlobalSection(ExtensibilityGlobals) = postSolution
		SolutionGuid = {5E7A2438-8077-4185-A4BB-1FC793262223}
	EndGlobalSection
EndGlobal
